
Microsoft Visual Studio Solution File, Format Version 12.00
# Visual Studio Version 16
VisualStudioVersion = 16.0.32228.343
MinimumVisualStudioVersion = 10.0.40219.1
Project("{FAE04EC0-301F-11D3-BF4B-00C04F79EFBC}") = "ps_8", "ps_8\ps_8.csproj", "{81E9A97B-ADC0-4B2B-9FFF-5772DC5F9212}"
EndProject
Global
	GlobalSection(SolutionConfigurationPlatforms) = preSolution
		Debug|Any CPU = Debug|Any CPU
		Release|Any CPU = Release|Any CPU
	EndGlobalSection
	GlobalSection(ProjectConfigurationPlatforms) = postSolution
		{81E9A97B-ADC0-4B2B-9FFF-5772DC5F9212}.Debug|Any CPU.ActiveCfg = Debug|Any CPU
		{81E9A97B-ADC0-4B2B-9FFF-5772DC5F9212}.Debug|Any CPU.Build.0 = Debug|Any CPU
		{81E9A97B-ADC0-4B2B-9FFF-5772DC5F9212}.Release|Any CPU.ActiveCfg = Release|Any CPU
		{81E9A97B-ADC0-4B2B-9FFF-5772DC5F9212}.Release|Any CPU.Build.0 = Release|Any CPU
	EndGlobalSection
	GlobalSection(SolutionProperties) = preSolution
		HideSolutionNode = FALSE
	EndGlobalSection
	GlobalSection(ExtensibilityGlobals) = postSolution
		SolutionGuid = {BB6708DB-31A4-4A33-9EDE-7996711DA9DA}
	EndGlobalSection
EndGlobal
